
Microsoft Visual Studio Solution File, Format Version 12.00
# Visual Studio Version 17
VisualStudioVersion = 17.2.32616.157
MinimumVisualStudioVersion = 10.0.40219.1
Project("{FAE04EC0-301F-11D3-BF4B-00C04F79EFBC}") = "POSale", "POSale\POSale.csproj", "{5E2D0349-F5F9-49B8-A753-B1DC8686D10C}"
EndProject
Global
	GlobalSection(SolutionConfigurationPlatforms) = preSolution
		Debug|Any CPU = Debug|Any CPU
		Release|Any CPU = Release|Any CPU
	EndGlobalSection
	GlobalSection(ProjectConfigurationPlatforms) = postSolution
		{5E2D0349-F5F9-49B8-A753-B1DC8686D10C}.Debug|Any CPU.ActiveCfg = Debug|Any CPU
		{5E2D0349-F5F9-49B8-A753-B1DC8686D10C}.Debug|Any CPU.Build.0 = Debug|Any CPU
		{5E2D0349-F5F9-49B8-A753-B1DC8686D10C}.Release|Any CPU.ActiveCfg = Release|Any CPU
		{5E2D0349-F5F9-49B8-A753-B1DC8686D10C}.Release|Any CPU.Build.0 = Release|Any CPU
	EndGlobalSection
	GlobalSection(SolutionProperties) = preSolution
		HideSolutionNode = FALSE
	EndGlobalSection
	GlobalSection(ExtensibilityGlobals) = postSolution
		SolutionGuid = {C42A9CDE-874F-4027-B3D2-4498043B52BB}
	EndGlobalSection
EndGlobal
